
Microsoft Visual Studio Solution File, Format Version 12.00
# Visual Studio Version 16
VisualStudioVersion = 16.0.30011.22
MinimumVisualStudioVersion = 10.0.40219.1
Project("{FAE04EC0-301F-11D3-BF4B-00C04F79EFBC}") = "Binary Escaper", "BinaryPicture\Binary Escaper.csproj", "{E2AFB1E1-E3C8-4222-AEFC-8465B8D520B0}"
EndProject
Global
	GlobalSection(SolutionConfigurationPlatforms) = preSolution
		Debug|Any CPU = Debug|Any CPU
		Release|Any CPU = Release|Any CPU
	EndGlobalSection
	GlobalSection(ProjectConfigurationPlatforms) = postSolution
		{E2AFB1E1-E3C8-4222-AEFC-8465B8D520B0}.Debug|Any CPU.ActiveCfg = Debug|Any CPU
		{E2AFB1E1-E3C8-4222-AEFC-8465B8D520B0}.Debug|Any CPU.Build.0 = Debug|Any CPU
		{E2AFB1E1-E3C8-4222-AEFC-8465B8D520B0}.Release|Any CPU.ActiveCfg = Release|Any CPU
		{E2AFB1E1-E3C8-4222-AEFC-8465B8D520B0}.Release|Any CPU.Build.0 = Release|Any CPU
	EndGlobalSection
	GlobalSection(SolutionProperties) = preSolution
		HideSolutionNode = FALSE
	EndGlobalSection
	GlobalSection(ExtensibilityGlobals) = postSolution
		SolutionGuid = {A7C06FD5-1A3C-4BEC-BD95-99887F2F4488}
	EndGlobalSection
EndGlobal
